// !$*UTF8*$!
{
	archiveVersion = 1;
	classes = {
	};
	objectVersion = 50;
	objects = {

/* Begin PBXBuildFile section */
		D7BB8A9D25C182F8000B0927 /* AppDelegate.swift in Sources */ = {isa = PBXBuildFile; fileRef = D7BB8A9C25C182F8000B0927 /* AppDelegate.swift */; };
		D7BB8A9F25C182F8000B0927 /* SceneDelegate.swift in Sources */ = {isa = PBXBuildFile; fileRef = D7BB8A9E25C182F8000B0927 /* SceneDelegate.swift */; };
		D7BB8AA125C182F8000B0927 /* ViewController.swift in Sources */ = {isa = PBXBuildFile; fileRef = D7BB8AA025C182F8000B0927 /* ViewController.swift */; };
		D7BB8AA425C182F8000B0927 /* Main.storyboard in Resources */ = {isa = PBXBuildFile; fileRef = D7BB8AA225C182F8000B0927 /* Main.storyboard */; };
		D7BB8AA625C182FB000B0927 /* Assets.xcassets in Resources */ = {isa = PBXBuildFile; fileRef = D7BB8AA525C182FB000B0927 /* Assets.xcassets */; };
		D7BB8AA925C182FB000B0927 /* LaunchScreen.storyboard in Resources */ = {isa = PBXBuildFile; fileRef = D7BB8AA725C182FB000B0927 /* LaunchScreen.storyboard */; };
		D7BB8AB225C18789000B0927 /* PocketmonCollectionViewCell.swift in Sources */ = {isa = PBXBuildFile; fileRef = D7BB8AB125C18789000B0927 /* PocketmonCollectionViewCell.swift */; };
		D7BB8AB525C1879F000B0927 /* PocketMonViewController.swift in Sources */ = {isa = PBXBuildFile; fileRef = D7BB8AB425C1879F000B0927 /* PocketMonViewController.swift */; };
/* End PBXBuildFile section */

/* Begin PBXFileReference section */
		D7BB8A9925C182F7000B0927 /* Week7.app */ = {isa = PBXFileReference; explicitFileType = wrapper.application; includeInIndex = 0; path = Week7.app; sourceTree = BUILT_PRODUCTS_DIR; };
		D7BB8A9C25C182F8000B0927 /* AppDelegate.swift */ = {isa = PBXFileReference; lastKnownFileType = sourcecode.swift; path = AppDelegate.swift; sourceTree = "<group>"; };
		D7BB8A9E25C182F8000B0927 /* SceneDelegate.swift */ = {isa = PBXFileReference; lastKnownFileType = sourcecode.swift; path = SceneDelegate.swift; sourceTree = "<group>"; };
		D7BB8AA025C182F8000B0927 /* ViewController.swift */ = {isa = PBXFileReference; lastKnownFileType = sourcecode.swift; path = ViewController.swift; sourceTree = "<group>"; };
		D7BB8AA325C182F8000B0927 /* Base */ = {isa = PBXFileReference; lastKnownFileType = file.storyboard; name = Base; path = Base.lproj/Main.storyboard; sourceTree = "<group>"; };
		D7BB8AA525C182FB000B0927 /* Assets.xcassets */ = {isa = PBXFileReference; lastKnownFileType = folder.assetcatalog; path = Assets.xcassets; sourceTree = "<group>"; };
		D7BB8AA825C182FB000B0927 /* Base */ = {isa = PBXFileReference; lastKnownFileType = file.storyboard; name = Base; path = Base.lproj/LaunchScreen.storyboard; sourceTree = "<group>"; };
		D7BB8AAA25C182FB000B0927 /* Info.plist */ = {isa = PBXFileReference; lastKnownFileType = text.plist.xml; path = Info.plist; sourceTree = "<group>"; };
		D7BB8AB125C18789000B0927 /* PocketmonCollectionViewCell.swift */ = {isa = PBXFileReference; lastKnownFileType = sourcecode.swift; path = PocketmonCollectionViewCell.swift; sourceTree = "<group>"; };
		D7BB8AB425C1879F000B0927 /* PocketMonViewController.swift */ = {isa = PBXFileReference; lastKnownFileType = sourcecode.swift; path = PocketMonViewController.swift; sourceTree = "<group>"; };
/* End PBXFileReference section */

/* Begin PBXFrameworksBuildPhase section */
		D7BB8A9625C182F7000B0927 /* Frameworks */ = {
			isa = PBXFrameworksBuildPhase;
			buildActionMask = 2147483647;
			files = (
			);
			runOnlyForDeploymentPostprocessing = 0;
		};
/* End PBXFrameworksBuildPhase section */

/* Begin PBXGroup section */
		D7BB8A9025C182F7000B0927 = {
			isa = PBXGroup;
			children = (
				D7BB8A9B25C182F8000B0927 /* Week7 */,
				D7BB8A9A25C182F7000B0927 /* Products */,
			);
			sourceTree = "<group>";
		};
		D7BB8A9A25C182F7000B0927 /* Products */ = {
			isa = PBXGroup;
			children = (
				D7BB8A9925C182F7000B0927 /* Week7.app */,
			);
			name = Products;
			sourceTree = "<group>";
		};
		D7BB8A9B25C182F8000B0927 /* Week7 */ = {
			isa = PBXGroup;
			children = (
				D7BB8A9C25C182F8000B0927 /* AppDelegate.swift */,
				D7BB8A9E25C182F8000B0927 /* SceneDelegate.swift */,
				D7BB8AA025C182F8000B0927 /* ViewController.swift */,
				D7BB8AA225C182F8000B0927 /* Main.storyboard */,
				D7BB8AA525C182FB000B0927 /* Assets.xcassets */,
				D7BB8AA725C182FB000B0927 /* LaunchScreen.storyboard */,
				D7BB8AAA25C182FB000B0927 /* Info.plist */,
				D7BB8AB125C18789000B0927 /* PocketmonCollectionViewCell.swift */,
				D7BB8AB425C1879F000B0927 /* PocketMonViewController.swift */,
			);
			path = Week7;
			sourceTree = "<group>";
		};
/* End PBXGroup section */

/* Begin PBXNativeTarget section */
		D7BB8A9825C182F7000B0927 /* Week7 */ = {
			isa = PBXNativeTarget;
			buildConfigurationList = D7BB8AAD25C182FB000B0927 /* Build configuration list for PBXNativeTarget "Week7" */;
			buildPhases = (
				D7BB8A9525C182F7000B0927 /* Sources */,
				D7BB8A9625C182F7000B0927 /* Frameworks */,
				D7BB8A9725C182F7000B0927 /* Resources */,
			);
			buildRules = (
			);
			dependencies = (
			);
			name = Week7;
			productName = Week7;
			productReference = D7BB8A9925C182F7000B0927 /* Week7.app */;
			productType = "com.apple.product-type.application";
		};
/* End PBXNativeTarget section */

/* Begin PBXProject section */
		D7BB8A9125C182F7000B0927 /* Project object */ = {
			isa = PBXProject;
			attributes = {
				LastSwiftUpdateCheck = 1230;
				LastUpgradeCheck = 1230;
				TargetAttributes = {
					D7BB8A9825C182F7000B0927 = {
						CreatedOnToolsVersion = 12.3;
					};
				};
			};
			buildConfigurationList = D7BB8A9425C182F7000B0927 /* Build configuration list for PBXProject "Week7" */;
			compatibilityVersion = "Xcode 9.3";
			developmentRegion = en;
			hasScannedForEncodings = 0;
			knownRegions = (
				en,
				Base,
			);
			mainGroup = D7BB8A9025C182F7000B0927;
			productRefGroup = D7BB8A9A25C182F7000B0927 /* Products */;
			projectDirPath = "";
			projectRoot = "";
			targets = (
				D7BB8A9825C182F7000B0927 /* Week7 */,
			);
		};
/* End PBXProject section */

/* Begin PBXResourcesBuildPhase section */
		D7BB8A9725C182F7000B0927 /* Resources */ = {
			isa = PBXResourcesBuildPhase;
			buildActionMask = 2147483647;
			files = (
				D7BB8AA925C182FB000B0927 /* LaunchScreen.storyboard in Resources */,
				D7BB8AA625C182FB000B0927 /* Assets.xcassets in Resources */,
				D7BB8AA425C182F8000B0927 /* Main.storyboard in Resources */,
			);
			runOnlyForDeploymentPostprocessing = 0;
		};
/* End PBXResourcesBuildPhase section */

/* Begin PBXSourcesBuildPhase section */
		D7BB8A9525C182F7000B0927 /* Sources */ = {
			isa = PBXSourcesBuildPhase;
			buildActionMask = 2147483647;
			files = (
				D7BB8AA125C182F8000B0927 /* ViewController.swift in Sources */,
				D7BB8AB525C1879F000B0927 /* PocketMonViewController.swift in Sources */,
				D7BB8AB225C18789000B0927 /* PocketmonCollectionViewCell.swift in Sources */,
				D7BB8A9D25C182F8000B0927 /* AppDelegate.swift in Sources */,
				D7BB8A9F25C182F8000B0927 /* SceneDelegate.swift in Sources */,
			);
			runOnlyForDeploymentPostprocessing = 0;
		};
/* End PBXSourcesBuildPhase section */

/* Begin PBXVariantGroup section */
		D7BB8AA225C182F8000B0927 /* Main.storyboard */ = {
			isa = PBXVariantGroup;
			children = (
				D7BB8AA325C182F8000B0927 /* Base */,
			);
			name = Main.storyboard;
			sourceTree = "<group>";
		};
		D7BB8AA725C182FB000B0927 /* LaunchScreen.storyboard */ = {
			isa = PBXVariantGroup;
			children = (
				D7BB8AA825C182FB000B0927 /* Base */,
			);
			name = LaunchScreen.storyboard;
			sourceTree = "<group>";
		};
/* End PBXVariantGroup section */

/* Begin XCBuildConfiguration section */
		D7BB8AAB25C182FB000B0927 /* Debug */ = {
			isa = XCBuildConfiguration;
			buildSettings = {
				ALWAYS_SEARCH_USER_PATHS = NO;
				CLANG_ANALYZER_NONNULL = YES;
				CLANG_ANALYZER_NUMBER_OBJECT_CONVERSION = YES_AGGRESSIVE;
				CLANG_CXX_LANGUAGE_STANDARD = "gnu++14";
				CLANG_CXX_LIBRARY = "libc++";
				CLANG_ENABLE_MODULES = YES;
				CLANG_ENABLE_OBJC_ARC = YES;
				CLANG_ENABLE_OBJC_WEAK = YES;
				CLANG_WARN_BLOCK_CAPTURE_AUTORELEASING = YES;
				CLANG_WARN_BOOL_CONVERSION = YES;
				CLANG_WARN_COMMA = YES;
				CLANG_WARN_CONSTANT_CONVERSION = YES;
				CLANG_WARN_DEPRECATED_OBJC_IMPLEMENTATIONS = YES;
				CLANG_WARN_DIRECT_OBJC_ISA_USAGE = YES_ERROR;
				CLANG_WARN_DOCUMENTATION_COMMENTS = YES;
				CLANG_WARN_EMPTY_BODY = YES;
				CLANG_WARN_ENUM_CONVERSION = YES;
				CLANG_WARN_INFINITE_RECURSION = YES;
				CLANG_WARN_INT_CONVERSION = YES;
				CLANG_WARN_NON_LITERAL_NULL_CONVERSION = YES;
				CLANG_WARN_OBJC_IMPLICIT_RETAIN_SELF = YES;
				CLANG_WARN_OBJC_LITERAL_CONVERSION = YES;
				CLANG_WARN_OBJC_ROOT_CLASS = YES_ERROR;
				CLANG_WARN_QUOTED_INCLUDE_IN_FRAMEWORK_HEADER = YES;
				CLANG_WARN_RANGE_LOOP_ANALYSIS = YES;
				CLANG_WARN_STRICT_PROTOTYPES = YES;
				CLANG_WARN_SUSPICIOUS_MOVE = YES;
				CLANG_WARN_UNGUARDED_AVAILABILITY = YES_AGGRESSIVE;
				CLANG_WARN_UNREACHABLE_CODE = YES;
				CLANG_WARN__DUPLICATE_METHOD_MATCH = YES;
				COPY_PHASE_STRIP = NO;
				DEBUG_INFORMATION_FORMAT = dwarf;
				ENABLE_STRICT_OBJC_MSGSEND = YES;
				ENABLE_TESTABILITY = YES;
				GCC_C_LANGUAGE_STANDARD = gnu11;
				GCC_DYNAMIC_NO_PIC = NO;
				GCC_NO_COMMON_BLOCKS = YES;
				GCC_OPTIMIZATION_LEVEL = 0;
				GCC_PREPROCESSOR_DEFINITIONS = (
					"DEBUG=1",
					"$(inherited)",
				);
				GCC_WARN_64_TO_32_BIT_CONVERSION = YES;
				GCC_WARN_ABOUT_RETURN_TYPE = YES_ERROR;
				GCC_WARN_UNDECLARED_SELECTOR = YES;
				GCC_WARN_UNINITIALIZED_AUTOS = YES_AGGRESSIVE;
				GCC_WARN_UNUSED_FUNCTION = YES;
				GCC_WARN_UNUSED_VARIABLE = YES;
				IPHONEOS_DEPLOYMENT_TARGET = 14.3;
				MTL_ENABLE_DEBUG_INFO = INCLUDE_SOURCE;
				MTL_FAST_MATH = YES;
				ONLY_ACTIVE_ARCH = YES;
				SDKROOT = iphoneos;
				SWIFT_ACTIVE_COMPILATION_CONDITIONS = DEBUG;
				SWIFT_OPTIMIZATION_LEVEL = "-Onone";
			};
			name = Debug;
		};
		D7BB8AAC25C182FB000B0927 /* Release */ = {
			isa = XCBuildConfiguration;
			buildSettings = {
				ALWAYS_SEARCH_USER_PATHS = NO;
				CLANG_ANALYZER_NONNULL = YES;
				CLANG_ANALYZER_NUMBER_OBJECT_CONVERSION = YES_AGGRESSIVE;
				CLANG_CXX_LANGUAGE_STANDARD = "gnu++14";
				CLANG_CXX_LIBRARY = "libc++";
				CLANG_ENABLE_MODULES = YES;
				CLANG_ENABLE_OBJC_ARC = YES;
				CLANG_ENABLE_OBJC_WEAK = YES;
				CLANG_WARN_BLOCK_CAPTURE_AUTORELEASING = YES;
				CLANG_WARN_BOOL_CONVERSION = YES;
				CLANG_WARN_COMMA = YES;
				CLANG_WARN_CONSTANT_CONVERSION = YES;
				CLANG_WARN_DEPRECATED_OBJC_IMPLEMENTATIONS = YES;
				CLANG_WARN_DIRECT_OBJC_ISA_USAGE = YES_ERROR;
				CLANG_WARN_DOCUMENTATION_COMMENTS = YES;
				CLANG_WARN_EMPTY_BODY = YES;
				CLANG_WARN_ENUM_CONVERSION = YES;
				CLANG_WARN_INFINITE_RECURSION = YES;
				CLANG_WARN_INT_CONVERSION = YES;
				CLANG_WARN_NON_LITERAL_NULL_CONVERSION = YES;
				CLANG_WARN_OBJC_IMPLICIT_RETAIN_SELF = YES;
				CLANG_WARN_OBJC_LITERAL_CONVERSION = YES;
				CLANG_WARN_OBJC_ROOT_CLASS = YES_ERROR;
				CLANG_WARN_QUOTED_INCLUDE_IN_FRAMEWORK_HEADER = YES;
				CLANG_WARN_RANGE_LOOP_ANALYSIS = YES;
				CLANG_WARN_STRICT_PROTOTYPES = YES;
				CLANG_WARN_SUSPICIOUS_MOVE = YES;
				CLANG_WARN_UNGUARDED_AVAILABILITY = YES_AGGRESSIVE;
				CLANG_WARN_UNREACHABLE_CODE = YES;
				CLANG_WARN__DUPLICATE_METHOD_MATCH = YES;
				COPY_PHASE_STRIP = NO;
				DEBUG_INFORMATION_FORMAT = "dwarf-with-dsym";
				ENABLE_NS_ASSERTIONS = NO;
				ENABLE_STRICT_OBJC_MSGSEND = YES;
				GCC_C_LANGUAGE_STANDARD = gnu11;
				GCC_NO_COMMON_BLOCKS = YES;
				GCC_WARN_64_TO_32_BIT_CONVERSION = YES;
				GCC_WARN_ABOUT_RETURN_TYPE = YES_ERROR;
				GCC_WARN_UNDECLARED_SELECTOR = YES;
				GCC_WARN_UNINITIALIZED_AUTOS = YES_AGGRESSIVE;
				GCC_WARN_UNUSED_FUNCTION = YES;
				GCC_WARN_UNUSED_VARIABLE = YES;
				IPHONEOS_DEPLOYMENT_TARGET = 14.3;
				MTL_ENABLE_DEBUG_INFO = NO;
				MTL_FAST_MATH = YES;
				SDKROOT = iphoneos;
				SWIFT_COMPILATION_MODE = wholemodule;
				SWIFT_OPTIMIZATION_LEVEL = "-O";
				VALIDATE_PRODUCT = YES;
			};
			name = Release;
		};
		D7BB8AAE25C182FB000B0927 /* Debug */ = {
			isa = XCBuildConfiguration;
			buildSettings = {
				ASSETCATALOG_COMPILER_APPICON_NAME = AppIcon;
				ASSETCATALOG_COMPILER_GLOBAL_ACCENT_COLOR_NAME = AccentColor;
				CODE_SIGN_STYLE = Automatic;
				DEVELOPMENT_TEAM = 5Z366YC68S;
				INFOPLIST_FILE = Week7/Info.plist;
				LD_RUNPATH_SEARCH_PATHS = (
					"$(inherited)",
					"@executable_path/Frameworks",
				);
				PRODUCT_BUNDLE_IDENTIFIER = com.zhilogs.Week7;
				PRODUCT_NAME = "$(TARGET_NAME)";
				SWIFT_VERSION = 5.0;
				TARGETED_DEVICE_FAMILY = "1,2";
			};
			name = Debug;
		};
		D7BB8AAF25C182FB000B0927 /* Release */ = {
			isa = XCBuildConfiguration;
			buildSettings = {
				ASSETCATALOG_COMPILER_APPICON_NAME = AppIcon;
				ASSETCATALOG_COMPILER_GLOBAL_ACCENT_COLOR_NAME = AccentColor;
				CODE_SIGN_STYLE = Automatic;
				DEVELOPMENT_TEAM = 5Z366YC68S;
				INFOPLIST_FILE = Week7/Info.plist;
				LD_RUNPATH_SEARCH_PATHS = (
					"$(inherited)",
					"@executable_path/Frameworks",
				);
				PRODUCT_BUNDLE_IDENTIFIER = com.zhilogs.Week7;
				PRODUCT_NAME = "$(TARGET_NAME)";
				SWIFT_VERSION = 5.0;
				TARGETED_DEVICE_FAMILY = "1,2";
			};
			name = Release;
		};
/* End XCBuildConfiguration section */

/* Begin XCConfigurationList section */
		D7BB8A9425C182F7000B0927 /* Build configuration list for PBXProject "Week7" */ = {
			isa = XCConfigurationList;
			buildConfigurations = (
				D7BB8AAB25C182FB000B0927 /* Debug */,
				D7BB8AAC25C182FB000B0927 /* Release */,
			);
			defaultConfigurationIsVisible = 0;
			defaultConfigurationName = Release;
		};
		D7BB8AAD25C182FB000B0927 /* Build configuration list for PBXNativeTarget "Week7" */ = {
			isa = XCConfigurationList;
			buildConfigurations = (
				D7BB8AAE25C182FB000B0927 /* Debug */,
				D7BB8AAF25C182FB000B0927 /* Release */,
			);
			defaultConfigurationIsVisible = 0;
			defaultConfigurationName = Release;
		};
/* End XCConfigurationList section */
	};
	rootObject = D7BB8A9125C182F7000B0927 /* Project object */;
}
